
Microsoft Visual Studio Solution File, Format Version 12.00
# Visual Studio Version 18
VisualStudioVersion = 18.0.11217.181
MinimumVisualStudioVersion = 10.0.40219.1
Project("{FAE04EC0-301F-11D3-BF4B-00C04F79EFBC}") = "IRCameraView", "IRCameraView.csproj", "{7BAEFA4B-E23F-4780-89BD-B126255EBF2C}"
EndProject
Project("{FAE04EC0-301F-11D3-BF4B-00C04F79EFBC}") = "IRCameraViewUWP", "IRCameraViewUWP\IRCameraViewUWP.csproj", "{8D4BBD2C-5524-49B9-A392-8A80A137EDFE}"
EndProject
Project("{D954291E-2A0B-460D-934E-DC6B0785DB48}") = "IRCameraViewShared", "IRCameraViewShared\IRCameraViewShared.shproj", "{F204F06A-9ABB-4FD8-8B0E-10AAA59066A4}"
EndProject
Global
	GlobalSection(SolutionConfigurationPlatforms) = preSolution
		Debug|Any CPU = Debug|Any CPU
		Debug|ARM = Debug|ARM
		Debug|ARM64 = Debug|ARM64
		Debug|x64 = Debug|x64
		Debug|x86 = Debug|x86
		Release|Any CPU = Release|Any CPU
		Release|ARM = Release|ARM
		Release|ARM64 = Release|ARM64
		Release|x64 = Release|x64
		Release|x86 = Release|x86
	EndGlobalSection
	GlobalSection(ProjectConfigurationPlatforms) = postSolution
		{7BAEFA4B-E23F-4780-89BD-B126255EBF2C}.Debug|Any CPU.ActiveCfg = Debug|x64
		{7BAEFA4B-E23F-4780-89BD-B126255EBF2C}.Debug|Any CPU.Build.0 = Debug|x64
		{7BAEFA4B-E23F-4780-89BD-B126255EBF2C}.Debug|Any CPU.Deploy.0 = Debug|x64
		{7BAEFA4B-E23F-4780-89BD-B126255EBF2C}.Debug|ARM.ActiveCfg = Debug|x64
		{7BAEFA4B-E23F-4780-89BD-B126255EBF2C}.Debug|ARM.Build.0 = Debug|x64
		{7BAEFA4B-E23F-4780-89BD-B126255EBF2C}.Debug|ARM.Deploy.0 = Debug|x64
		{7BAEFA4B-E23F-4780-89BD-B126255EBF2C}.Debug|ARM64.ActiveCfg = Debug|ARM64
		{7BAEFA4B-E23F-4780-89BD-B126255EBF2C}.Debug|ARM64.Build.0 = Debug|ARM64
		{7BAEFA4B-E23F-4780-89BD-B126255EBF2C}.Debug|ARM64.Deploy.0 = Debug|ARM64
		{7BAEFA4B-E23F-4780-89BD-B126255EBF2C}.Debug|x64.ActiveCfg = Debug|x64
		{7BAEFA4B-E23F-4780-89BD-B126255EBF2C}.Debug|x64.Build.0 = Debug|x64
		{7BAEFA4B-E23F-4780-89BD-B126255EBF2C}.Debug|x64.Deploy.0 = Debug|x64
		{7BAEFA4B-E23F-4780-89BD-B126255EBF2C}.Debug|x86.ActiveCfg = Debug|x86
		{7BAEFA4B-E23F-4780-89BD-B126255EBF2C}.Debug|x86.Build.0 = Debug|x86
		{7BAEFA4B-E23F-4780-89BD-B126255EBF2C}.Debug|x86.Deploy.0 = Debug|x86
		{7BAEFA4B-E23F-4780-89BD-B126255EBF2C}.Release|Any CPU.ActiveCfg = Release|x64
		{7BAEFA4B-E23F-4780-89BD-B126255EBF2C}.Release|Any CPU.Build.0 = Release|x64
		{7BAEFA4B-E23F-4780-89BD-B126255EBF2C}.Release|Any CPU.Deploy.0 = Release|x64
		{7BAEFA4B-E23F-4780-89BD-B126255EBF2C}.Release|ARM.ActiveCfg = Release|x64
		{7BAEFA4B-E23F-4780-89BD-B126255EBF2C}.Release|ARM.Build.0 = Release|x64
		{7BAEFA4B-E23F-4780-89BD-B126255EBF2C}.Release|ARM.Deploy.0 = Release|x64
		{7BAEFA4B-E23F-4780-89BD-B126255EBF2C}.Release|ARM64.ActiveCfg = Release|ARM64
		{7BAEFA4B-E23F-4780-89BD-B126255EBF2C}.Release|ARM64.Build.0 = Release|ARM64
		{7BAEFA4B-E23F-4780-89BD-B126255EBF2C}.Release|ARM64.Deploy.0 = Release|ARM64
		{7BAEFA4B-E23F-4780-89BD-B126255EBF2C}.Release|x64.ActiveCfg = Release|x64
		{7BAEFA4B-E23F-4780-89BD-B126255EBF2C}.Release|x64.Build.0 = Release|x64
		{7BAEFA4B-E23F-4780-89BD-B126255EBF2C}.Release|x64.Deploy.0 = Release|x64
		{7BAEFA4B-E23F-4780-89BD-B126255EBF2C}.Release|x86.ActiveCfg = Release|x86
		{7BAEFA4B-E23F-4780-89BD-B126255EBF2C}.Release|x86.Build.0 = Release|x86
		{7BAEFA4B-E23F-4780-89BD-B126255EBF2C}.Release|x86.Deploy.0 = Release|x86
		{8D4BBD2C-5524-49B9-A392-8A80A137EDFE}.Debug|Any CPU.ActiveCfg = Debug|x64
		{8D4BBD2C-5524-49B9-A392-8A80A137EDFE}.Debug|Any CPU.Build.0 = Debug|x64
		{8D4BBD2C-5524-49B9-A392-8A80A137EDFE}.Debug|Any CPU.Deploy.0 = Debug|x64
		{8D4BBD2C-5524-49B9-A392-8A80A137EDFE}.Debug|ARM.ActiveCfg = Debug|ARM
		{8D4BBD2C-5524-49B9-A392-8A80A137EDFE}.Debug|ARM.Build.0 = Debug|ARM
		{8D4BBD2C-5524-49B9-A392-8A80A137EDFE}.Debug|ARM.Deploy.0 = Debug|ARM
		{8D4BBD2C-5524-49B9-A392-8A80A137EDFE}.Debug|ARM64.ActiveCfg = Debug|ARM64
		{8D4BBD2C-5524-49B9-A392-8A80A137EDFE}.Debug|ARM64.Build.0 = Debug|ARM64
		{8D4BBD2C-5524-49B9-A392-8A80A137EDFE}.Debug|ARM64.Deploy.0 = Debug|ARM64
		{8D4BBD2C-5524-49B9-A392-8A80A137EDFE}.Debug|x64.ActiveCfg = Debug|x64
		{8D4BBD2C-5524-49B9-A392-8A80A137EDFE}.Debug|x64.Build.0 = Debug|x64
		{8D4BBD2C-5524-49B9-A392-8A80A137EDFE}.Debug|x64.Deploy.0 = Debug|x64
		{8D4BBD2C-5524-49B9-A392-8A80A137EDFE}.Debug|x86.ActiveCfg = Debug|x86
		{8D4BBD2C-5524-49B9-A392-8A80A137EDFE}.Debug|x86.Build.0 = Debug|x86
		{8D4BBD2C-5524-49B9-A392-8A80A137EDFE}.Debug|x86.Deploy.0 = Debug|x86
		{8D4BBD2C-5524-49B9-A392-8A80A137EDFE}.Release|Any CPU.ActiveCfg = Release|x64
		{8D4BBD2C-5524-49B9-A392-8A80A137EDFE}.Release|Any CPU.Build.0 = Release|x64
		{8D4BBD2C-5524-49B9-A392-8A80A137EDFE}.Release|Any CPU.Deploy.0 = Release|x64
		{8D4BBD2C-5524-49B9-A392-8A80A137EDFE}.Release|ARM.ActiveCfg = Release|ARM
		{8D4BBD2C-5524-49B9-A392-8A80A137EDFE}.Release|ARM.Build.0 = Release|ARM
		{8D4BBD2C-5524-49B9-A392-8A80A137EDFE}.Release|ARM.Deploy.0 = Release|ARM
		{8D4BBD2C-5524-49B9-A392-8A80A137EDFE}.Release|ARM64.ActiveCfg = Release|ARM64
		{8D4BBD2C-5524-49B9-A392-8A80A137EDFE}.Release|ARM64.Build.0 = Release|ARM64
		{8D4BBD2C-5524-49B9-A392-8A80A137EDFE}.Release|ARM64.Deploy.0 = Release|ARM64
		{8D4BBD2C-5524-49B9-A392-8A80A137EDFE}.Release|x64.ActiveCfg = Release|x64
		{8D4BBD2C-5524-49B9-A392-8A80A137EDFE}.Release|x64.Build.0 = Release|x64
		{8D4BBD2C-5524-49B9-A392-8A80A137EDFE}.Release|x64.Deploy.0 = Release|x64
		{8D4BBD2C-5524-49B9-A392-8A80A137EDFE}.Release|x86.ActiveCfg = Release|x86
		{8D4BBD2C-5524-49B9-A392-8A80A137EDFE}.Release|x86.Build.0 = Release|x86
		{8D4BBD2C-5524-49B9-A392-8A80A137EDFE}.Release|x86.Deploy.0 = Release|x86
	EndGlobalSection
	GlobalSection(SolutionProperties) = preSolution
		HideSolutionNode = FALSE
	EndGlobalSection
	GlobalSection(ExtensibilityGlobals) = postSolution
		SolutionGuid = {B58E53CA-5C52-4026-9640-46A0229A8149}
	EndGlobalSection
	GlobalSection(SharedMSBuildProjectFiles) = preSolution
		IRCameraViewShared\IRCameraViewShared.projitems*{7baefa4b-e23f-4780-89bd-b126255ebf2c}*SharedItemsImports = 5
		..\IRCameraViewShared\IRCameraViewShared.projitems*{8d4bbd2c-5524-49b9-a392-8a80a137edfe}*SharedItemsImports = 4
		IRCameraViewShared\IRCameraViewShared.projitems*{f204f06a-9abb-4fd8-8b0e-10aaa59066a4}*SharedItemsImports = 13
	EndGlobalSection
EndGlobal
